
Microsoft Visual Studio Solution File, Format Version 12.00
# Visual Studio 15
VisualStudioVersion = 15.0.27703.2026
MinimumVisualStudioVersion = 10.0.40219.1
Project("{00D1A9C2-B5F0-4AF3-8072-F6C62B433612}") = "Challenge_Revision.Database", "Challenge_Revision.Database.sqlproj", "{36AA2286-2090-489E-8F1B-406DC55F58EC}"
EndProject
Project("{FAE04EC0-301F-11D3-BF4B-00C04F79EFBC}") = "Challenge_Revision.ClassLibrary", "..\Challenge_Revision.ClassLibrary\Challenge_Revision.ClassLibrary.csproj", "{DC6D5FE1-9A55-4B8C-9AE1-B48085000D44}"
EndProject
Project("{FAE04EC0-301F-11D3-BF4B-00C04F79EFBC}") = "Challenge_Revision.ASP.NET", "Challenge_Revision.ASP.NET\Challenge_Revision.ASP.NET.csproj", "{30A3BF7E-D1C8-48B3-93AF-C4DADF0C7337}"
EndProject
Project("{FAE04EC0-301F-11D3-BF4B-00C04F79EFBC}") = "Challenge_Revision.ASP.NET.Tests", "Challenge_Revision.ASP.NET.Tests\Challenge_Revision.ASP.NET.Tests.csproj", "{5AFED661-D865-46A5-A231-4D6C5C9F4495}"
EndProject
Global
	GlobalSection(SolutionConfigurationPlatforms) = preSolution
		Debug|Any CPU = Debug|Any CPU
		Release|Any CPU = Release|Any CPU
	EndGlobalSection
	GlobalSection(ProjectConfigurationPlatforms) = postSolution
		{36AA2286-2090-489E-8F1B-406DC55F58EC}.Debug|Any CPU.ActiveCfg = Debug|Any CPU
		{36AA2286-2090-489E-8F1B-406DC55F58EC}.Debug|Any CPU.Build.0 = Debug|Any CPU
		{36AA2286-2090-489E-8F1B-406DC55F58EC}.Debug|Any CPU.Deploy.0 = Debug|Any CPU
		{36AA2286-2090-489E-8F1B-406DC55F58EC}.Release|Any CPU.ActiveCfg = Release|Any CPU
		{36AA2286-2090-489E-8F1B-406DC55F58EC}.Release|Any CPU.Build.0 = Release|Any CPU
		{36AA2286-2090-489E-8F1B-406DC55F58EC}.Release|Any CPU.Deploy.0 = Release|Any CPU
		{DC6D5FE1-9A55-4B8C-9AE1-B48085000D44}.Debug|Any CPU.ActiveCfg = Debug|Any CPU
		{DC6D5FE1-9A55-4B8C-9AE1-B48085000D44}.Debug|Any CPU.Build.0 = Debug|Any CPU
		{DC6D5FE1-9A55-4B8C-9AE1-B48085000D44}.Release|Any CPU.ActiveCfg = Release|Any CPU
		{DC6D5FE1-9A55-4B8C-9AE1-B48085000D44}.Release|Any CPU.Build.0 = Release|Any CPU
		{30A3BF7E-D1C8-48B3-93AF-C4DADF0C7337}.Debug|Any CPU.ActiveCfg = Debug|Any CPU
		{30A3BF7E-D1C8-48B3-93AF-C4DADF0C7337}.Debug|Any CPU.Build.0 = Debug|Any CPU
		{30A3BF7E-D1C8-48B3-93AF-C4DADF0C7337}.Release|Any CPU.ActiveCfg = Release|Any CPU
		{30A3BF7E-D1C8-48B3-93AF-C4DADF0C7337}.Release|Any CPU.Build.0 = Release|Any CPU
		{5AFED661-D865-46A5-A231-4D6C5C9F4495}.Debug|Any CPU.ActiveCfg = Debug|Any CPU
		{5AFED661-D865-46A5-A231-4D6C5C9F4495}.Debug|Any CPU.Build.0 = Debug|Any CPU
		{5AFED661-D865-46A5-A231-4D6C5C9F4495}.Release|Any CPU.ActiveCfg = Release|Any CPU
		{5AFED661-D865-46A5-A231-4D6C5C9F4495}.Release|Any CPU.Build.0 = Release|Any CPU
	EndGlobalSection
	GlobalSection(SolutionProperties) = preSolution
		HideSolutionNode = FALSE
	EndGlobalSection
	GlobalSection(ExtensibilityGlobals) = postSolution
		SolutionGuid = {B0A6F09F-747A-4620-B921-E3DCC092DBA2}
	EndGlobalSection
EndGlobal
